
Microsoft Visual Studio Solution File, Format Version 12.00
# Visual Studio Version 16
VisualStudioVersion = 16.0.30428.66
MinimumVisualStudioVersion = 10.0.40219.1
Project("{FAE04EC0-301F-11D3-BF4B-00C04F79EFBC}") = "SamplesCS", "SamplesCS\SamplesCS.csproj", "{73AD89A0-693B-464F-99EC-020DE7DFF591}"
EndProject
Project("{2150E333-8FDC-42A3-9474-1A3956D46DE8}") = "Solution Items", "Solution Items", "{9BCC3AAF-6761-49BB-B187-11B5B3315AB1}"
	ProjectSection(SolutionItems) = preProject
		CHANGELOG.md = CHANGELOG.md
		CONTRIBUTING.md = CONTRIBUTING.md
		LICENSE.txt = LICENSE.txt
		README.md = README.md
	EndProjectSection
EndProject
Project("{9A19103F-16F7-4668-BE54-9A1E7A4F7556}") = "PayflowProSDK", "PayflowProSDK\PayflowProSDK.csproj", "{8009B18A-EFBC-467D-9E86-AFBC1C7AB031}"
EndProject
Project("{FAE04EC0-301F-11D3-BF4B-00C04F79EFBC}") = "Samples", "Samples\Samples.csproj", "{3F8705C4-FE34-4759-A739-2929A9B5179B}"
EndProject
Project("{9A19103F-16F7-4668-BE54-9A1E7A4F7556}") = "Wreb.Org.Providers", "..\..\..\..\Wreb\git\Repos\Wreb-Org\Application\Services\Providers\Wreb.Org.Providers\Wreb.Org.Providers.csproj", "{B2846580-2444-45C1-A67D-AB418C95C1E7}"
EndProject
Global
	GlobalSection(SolutionConfigurationPlatforms) = preSolution
		Debug|Any CPU = Debug|Any CPU
		Release|Any CPU = Release|Any CPU
	EndGlobalSection
	GlobalSection(ProjectConfigurationPlatforms) = postSolution
		{73AD89A0-693B-464F-99EC-020DE7DFF591}.Debug|Any CPU.ActiveCfg = Debug|Any CPU
		{73AD89A0-693B-464F-99EC-020DE7DFF591}.Debug|Any CPU.Build.0 = Debug|Any CPU
		{73AD89A0-693B-464F-99EC-020DE7DFF591}.Release|Any CPU.ActiveCfg = Release|Any CPU
		{73AD89A0-693B-464F-99EC-020DE7DFF591}.Release|Any CPU.Build.0 = Release|Any CPU
		{8009B18A-EFBC-467D-9E86-AFBC1C7AB031}.Debug|Any CPU.ActiveCfg = Debug|Any CPU
		{8009B18A-EFBC-467D-9E86-AFBC1C7AB031}.Debug|Any CPU.Build.0 = Debug|Any CPU
		{8009B18A-EFBC-467D-9E86-AFBC1C7AB031}.Release|Any CPU.ActiveCfg = Release|Any CPU
		{8009B18A-EFBC-467D-9E86-AFBC1C7AB031}.Release|Any CPU.Build.0 = Release|Any CPU
		{3F8705C4-FE34-4759-A739-2929A9B5179B}.Debug|Any CPU.ActiveCfg = Debug|Any CPU
		{3F8705C4-FE34-4759-A739-2929A9B5179B}.Debug|Any CPU.Build.0 = Debug|Any CPU
		{3F8705C4-FE34-4759-A739-2929A9B5179B}.Release|Any CPU.ActiveCfg = Release|Any CPU
		{3F8705C4-FE34-4759-A739-2929A9B5179B}.Release|Any CPU.Build.0 = Release|Any CPU
		{B2846580-2444-45C1-A67D-AB418C95C1E7}.Debug|Any CPU.ActiveCfg = Debug|Any CPU
		{B2846580-2444-45C1-A67D-AB418C95C1E7}.Debug|Any CPU.Build.0 = Debug|Any CPU
		{B2846580-2444-45C1-A67D-AB418C95C1E7}.Release|Any CPU.ActiveCfg = Release|Any CPU
		{B2846580-2444-45C1-A67D-AB418C95C1E7}.Release|Any CPU.Build.0 = Release|Any CPU
	EndGlobalSection
	GlobalSection(SolutionProperties) = preSolution
		HideSolutionNode = FALSE
	EndGlobalSection
	GlobalSection(ExtensibilityGlobals) = postSolution
		SolutionGuid = {6C9E70BB-7A8B-45D9-8852-3DD17313922A}
	EndGlobalSection
EndGlobal
